// !$*UTF8*$!
{
	archiveVersion = 1;
	classes = {
	};
	objectVersion = 56;
	objects = {

/* Begin PBXBuildFile section */
		63163DE029968E55004957D9 /* NewsModel.swift in Sources */ = {isa = PBXBuildFile; fileRef = 63163DDF29968E55004957D9 /* NewsModel.swift */; };
		63163DE22996DAA1004957D9 /* News.swift in Sources */ = {isa = PBXBuildFile; fileRef = 63163DE12996DAA1004957D9 /* News.swift */; };
		63163DE429970279004957D9 /* MainView.swift in Sources */ = {isa = PBXBuildFile; fileRef = 63163DE329970279004957D9 /* MainView.swift */; };
		63163DE629970346004957D9 /* NewsView.swift in Sources */ = {isa = PBXBuildFile; fileRef = 63163DE529970346004957D9 /* NewsView.swift */; };
		63163DE8299704B1004957D9 /* NewsRow.swift in Sources */ = {isa = PBXBuildFile; fileRef = 63163DE7299704B1004957D9 /* NewsRow.swift */; };
		63163DEA29975198004957D9 /* SlideOverCard.swift in Sources */ = {isa = PBXBuildFile; fileRef = 63163DE929975198004957D9 /* SlideOverCard.swift */; };
		63163DEE2997EE07004957D9 /* WebView.swift in Sources */ = {isa = PBXBuildFile; fileRef = 63163DED2997EE07004957D9 /* WebView.swift */; };
		63163DF02997F295004957D9 /* NewsDetailView.swift in Sources */ = {isa = PBXBuildFile; fileRef = 63163DEF2997F295004957D9 /* NewsDetailView.swift */; };
		63163DF229983C33004957D9 /* CachedAsyncImage.swift in Sources */ = {isa = PBXBuildFile; fileRef = 63163DF129983C33004957D9 /* CachedAsyncImage.swift */; };
		63163DF429983E25004957D9 /* ImageCache.swift in Sources */ = {isa = PBXBuildFile; fileRef = 63163DF329983E25004957D9 /* ImageCache.swift */; };
		63163DF7299855EE004957D9 /* LaunchScreenStateManager.swift in Sources */ = {isa = PBXBuildFile; fileRef = 63163DF6299855EE004957D9 /* LaunchScreenStateManager.swift */; };
		63163DF929985604004957D9 /* LaunchScreenStep.swift in Sources */ = {isa = PBXBuildFile; fileRef = 63163DF829985604004957D9 /* LaunchScreenStep.swift */; };
		63163DFB29985682004957D9 /* LaunchScreenView.swift in Sources */ = {isa = PBXBuildFile; fileRef = 63163DFA29985682004957D9 /* LaunchScreenView.swift */; };
		6372CC7629933C41009A884B /* TheNeuralNetworkApp.swift in Sources */ = {isa = PBXBuildFile; fileRef = 6372CC7529933C41009A884B /* TheNeuralNetworkApp.swift */; };
		6372CC7829933C41009A884B /* ContentView.swift in Sources */ = {isa = PBXBuildFile; fileRef = 6372CC7729933C41009A884B /* ContentView.swift */; };
		6372CC7A29933C42009A884B /* Assets.xcassets in Resources */ = {isa = PBXBuildFile; fileRef = 6372CC7929933C42009A884B /* Assets.xcassets */; };
		6372CC7D29933C42009A884B /* Preview Assets.xcassets in Resources */ = {isa = PBXBuildFile; fileRef = 6372CC7C29933C42009A884B /* Preview Assets.xcassets */; };
		6372CC8729933C42009A884B /* TheNeuralNetworkTests.swift in Sources */ = {isa = PBXBuildFile; fileRef = 6372CC8629933C42009A884B /* TheNeuralNetworkTests.swift */; };
		6372CC9129933C42009A884B /* TheNeuralNetworkUITests.swift in Sources */ = {isa = PBXBuildFile; fileRef = 6372CC9029933C42009A884B /* TheNeuralNetworkUITests.swift */; };
		6372CC9329933C42009A884B /* TheNeuralNetworkUITestsLaunchTests.swift in Sources */ = {isa = PBXBuildFile; fileRef = 6372CC9229933C42009A884B /* TheNeuralNetworkUITestsLaunchTests.swift */; };
		6372CCA52993422A009A884B /* GPTService.swift in Sources */ = {isa = PBXBuildFile; fileRef = 6372CCA42993422A009A884B /* GPTService.swift */; };
		6372CCAB29934F8C009A884B /* Property List.plist in Resources */ = {isa = PBXBuildFile; fileRef = 6372CCAA29934F8C009A884B /* Property List.plist */; };
		6372CCAD2993F75A009A884B /* NewsService.swift in Sources */ = {isa = PBXBuildFile; fileRef = 6372CCAC2993F75A009A884B /* NewsService.swift */; };
/* End PBXBuildFile section */

/* Begin PBXContainerItemProxy section */
		6372CC8329933C42009A884B /* PBXContainerItemProxy */ = {
			isa = PBXContainerItemProxy;
			containerPortal = 6372CC6A29933C41009A884B /* Project object */;
			proxyType = 1;
			remoteGlobalIDString = 6372CC7129933C41009A884B;
			remoteInfo = "The Neural Network";
		};
		6372CC8D29933C42009A884B /* PBXContainerItemProxy */ = {
			isa = PBXContainerItemProxy;
			containerPortal = 6372CC6A29933C41009A884B /* Project object */;
			proxyType = 1;
			remoteGlobalIDString = 6372CC7129933C41009A884B;
			remoteInfo = "The Neural Network";
		};
/* End PBXContainerItemProxy section */

/* Begin PBXFileReference section */
		63163DDF29968E55004957D9 /* NewsModel.swift */ = {isa = PBXFileReference; lastKnownFileType = sourcecode.swift; path = NewsModel.swift; sourceTree = "<group>"; };
		63163DE12996DAA1004957D9 /* News.swift */ = {isa = PBXFileReference; lastKnownFileType = sourcecode.swift; path = News.swift; sourceTree = "<group>"; };
		63163DE329970279004957D9 /* MainView.swift */ = {isa = PBXFileReference; lastKnownFileType = sourcecode.swift; path = MainView.swift; sourceTree = "<group>"; };
		63163DE529970346004957D9 /* NewsView.swift */ = {isa = PBXFileReference; lastKnownFileType = sourcecode.swift; path = NewsView.swift; sourceTree = "<group>"; };
		63163DE7299704B1004957D9 /* NewsRow.swift */ = {isa = PBXFileReference; lastKnownFileType = sourcecode.swift; path = NewsRow.swift; sourceTree = "<group>"; };
		63163DE929975198004957D9 /* SlideOverCard.swift */ = {isa = PBXFileReference; lastKnownFileType = sourcecode.swift; path = SlideOverCard.swift; sourceTree = "<group>"; };
		63163DED2997EE07004957D9 /* WebView.swift */ = {isa = PBXFileReference; lastKnownFileType = sourcecode.swift; path = WebView.swift; sourceTree = "<group>"; };
		63163DEF2997F295004957D9 /* NewsDetailView.swift */ = {isa = PBXFileReference; lastKnownFileType = sourcecode.swift; path = NewsDetailView.swift; sourceTree = "<group>"; };
		63163DF129983C33004957D9 /* CachedAsyncImage.swift */ = {isa = PBXFileReference; lastKnownFileType = sourcecode.swift; path = CachedAsyncImage.swift; sourceTree = "<group>"; };
		63163DF329983E25004957D9 /* ImageCache.swift */ = {isa = PBXFileReference; lastKnownFileType = sourcecode.swift; path = ImageCache.swift; sourceTree = "<group>"; };
		63163DF6299855EE004957D9 /* LaunchScreenStateManager.swift */ = {isa = PBXFileReference; lastKnownFileType = sourcecode.swift; path = LaunchScreenStateManager.swift; sourceTree = "<group>"; };
		63163DF829985604004957D9 /* LaunchScreenStep.swift */ = {isa = PBXFileReference; lastKnownFileType = sourcecode.swift; path = LaunchScreenStep.swift; sourceTree = "<group>"; };
		63163DFA29985682004957D9 /* LaunchScreenView.swift */ = {isa = PBXFileReference; lastKnownFileType = sourcecode.swift; path = LaunchScreenView.swift; sourceTree = "<group>"; };
		63163DFC299884E1004957D9 /* Info.plist */ = {isa = PBXFileReference; lastKnownFileType = text.plist; path = Info.plist; sourceTree = "<group>"; };
		6372CC7229933C41009A884B /* TheNeuralNetwork.app */ = {isa = PBXFileReference; explicitFileType = wrapper.application; includeInIndex = 0; path = TheNeuralNetwork.app; sourceTree = BUILT_PRODUCTS_DIR; };
		6372CC7529933C41009A884B /* TheNeuralNetworkApp.swift */ = {isa = PBXFileReference; lastKnownFileType = sourcecode.swift; path = TheNeuralNetworkApp.swift; sourceTree = "<group>"; };
		6372CC7729933C41009A884B /* ContentView.swift */ = {isa = PBXFileReference; lastKnownFileType = sourcecode.swift; path = ContentView.swift; sourceTree = "<group>"; };
		6372CC7929933C42009A884B /* Assets.xcassets */ = {isa = PBXFileReference; lastKnownFileType = folder.assetcatalog; path = Assets.xcassets; sourceTree = "<group>"; };
		6372CC7C29933C42009A884B /* Preview Assets.xcassets */ = {isa = PBXFileReference; lastKnownFileType = folder.assetcatalog; path = "Preview Assets.xcassets"; sourceTree = "<group>"; };
		6372CC8229933C42009A884B /* TheNeuralNetworkTests.xctest */ = {isa = PBXFileReference; explicitFileType = wrapper.cfbundle; includeInIndex = 0; path = TheNeuralNetworkTests.xctest; sourceTree = BUILT_PRODUCTS_DIR; };
		6372CC8629933C42009A884B /* TheNeuralNetworkTests.swift */ = {isa = PBXFileReference; lastKnownFileType = sourcecode.swift; path = TheNeuralNetworkTests.swift; sourceTree = "<group>"; };
		6372CC8C29933C42009A884B /* TheNeuralNetworkUITests.xctest */ = {isa = PBXFileReference; explicitFileType = wrapper.cfbundle; includeInIndex = 0; path = TheNeuralNetworkUITests.xctest; sourceTree = BUILT_PRODUCTS_DIR; };
		6372CC9029933C42009A884B /* TheNeuralNetworkUITests.swift */ = {isa = PBXFileReference; lastKnownFileType = sourcecode.swift; path = TheNeuralNetworkUITests.swift; sourceTree = "<group>"; };
		6372CC9229933C42009A884B /* TheNeuralNetworkUITestsLaunchTests.swift */ = {isa = PBXFileReference; lastKnownFileType = sourcecode.swift; path = TheNeuralNetworkUITestsLaunchTests.swift; sourceTree = "<group>"; };
		6372CCA42993422A009A884B /* GPTService.swift */ = {isa = PBXFileReference; lastKnownFileType = sourcecode.swift; path = GPTService.swift; sourceTree = "<group>"; };
		6372CCAA29934F8C009A884B /* Property List.plist */ = {isa = PBXFileReference; lastKnownFileType = text.plist.xml; path = "Property List.plist"; sourceTree = "<group>"; };
		6372CCAC2993F75A009A884B /* NewsService.swift */ = {isa = PBXFileReference; lastKnownFileType = sourcecode.swift; path = NewsService.swift; sourceTree = "<group>"; };
/* End PBXFileReference section */

/* Begin PBXFrameworksBuildPhase section */
		6372CC6F29933C41009A884B /* Frameworks */ = {
			isa = PBXFrameworksBuildPhase;
			buildActionMask = 2147483647;
			files = (
			);
			runOnlyForDeploymentPostprocessing = 0;
		};
		6372CC7F29933C42009A884B /* Frameworks */ = {
			isa = PBXFrameworksBuildPhase;
			buildActionMask = 2147483647;
			files = (
			);
			runOnlyForDeploymentPostprocessing = 0;
		};
		6372CC8929933C42009A884B /* Frameworks */ = {
			isa = PBXFrameworksBuildPhase;
			buildActionMask = 2147483647;
			files = (
			);
			runOnlyForDeploymentPostprocessing = 0;
		};
/* End PBXFrameworksBuildPhase section */

/* Begin PBXGroup section */
		63163DF529983EC7004957D9 /* Components */ = {
			isa = PBXGroup;
			children = (
				63163DF129983C33004957D9 /* CachedAsyncImage.swift */,
				63163DED2997EE07004957D9 /* WebView.swift */,
				63163DE929975198004957D9 /* SlideOverCard.swift */,
				63163DE7299704B1004957D9 /* NewsRow.swift */,
			);
			path = Components;
			sourceTree = "<group>";
		};
		6372CC6929933C41009A884B = {
			isa = PBXGroup;
			children = (
				6372CCAA29934F8C009A884B /* Property List.plist */,
				6372CC7429933C41009A884B /* TheNeuralNetwork */,
				6372CC8529933C42009A884B /* TheNeuralNetworkTests */,
				6372CC8F29933C42009A884B /* TheNeuralNetworkUITests */,
				6372CC7329933C41009A884B /* Products */,
			);
			sourceTree = "<group>";
		};
		6372CC7329933C41009A884B /* Products */ = {
			isa = PBXGroup;
			children = (
				6372CC7229933C41009A884B /* TheNeuralNetwork.app */,
				6372CC8229933C42009A884B /* TheNeuralNetworkTests.xctest */,
				6372CC8C29933C42009A884B /* TheNeuralNetworkUITests.xctest */,
			);
			name = Products;
			sourceTree = "<group>";
		};
		6372CC7429933C41009A884B /* TheNeuralNetwork */ = {
			isa = PBXGroup;
			children = (
				63163DFC299884E1004957D9 /* Info.plist */,
				6372CCA72993446F009A884B /* System */,
				6372CCA629934321009A884B /* Model */,
				6372CCA029934107009A884B /* Services */,
				6372CC9F29933C75009A884B /* View */,
				6372CC7529933C41009A884B /* TheNeuralNetworkApp.swift */,
				6372CC7929933C42009A884B /* Assets.xcassets */,
				6372CC7B29933C42009A884B /* Preview Content */,
			);
			path = TheNeuralNetwork;
			sourceTree = "<group>";
		};
		6372CC7B29933C42009A884B /* Preview Content */ = {
			isa = PBXGroup;
			children = (
				6372CC7C29933C42009A884B /* Preview Assets.xcassets */,
			);
			path = "Preview Content";
			sourceTree = "<group>";
		};
		6372CC8529933C42009A884B /* TheNeuralNetworkTests */ = {
			isa = PBXGroup;
			children = (
				6372CC8629933C42009A884B /* TheNeuralNetworkTests.swift */,
			);
			path = TheNeuralNetworkTests;
			sourceTree = "<group>";
		};
		6372CC8F29933C42009A884B /* TheNeuralNetworkUITests */ = {
			isa = PBXGroup;
			children = (
				6372CC9029933C42009A884B /* TheNeuralNetworkUITests.swift */,
				6372CC9229933C42009A884B /* TheNeuralNetworkUITestsLaunchTests.swift */,
			);
			path = TheNeuralNetworkUITests;
			sourceTree = "<group>";
		};
		6372CC9F29933C75009A884B /* View */ = {
			isa = PBXGroup;
			children = (
				63163DF529983EC7004957D9 /* Components */,
				6372CC7729933C41009A884B /* ContentView.swift */,
				63163DE329970279004957D9 /* MainView.swift */,
				63163DE529970346004957D9 /* NewsView.swift */,
				63163DEF2997F295004957D9 /* NewsDetailView.swift */,
				63163DFA29985682004957D9 /* LaunchScreenView.swift */,
			);
			path = View;
			sourceTree = "<group>";
		};
		6372CCA029934107009A884B /* Services */ = {
			isa = PBXGroup;
			children = (
				6372CCA42993422A009A884B /* GPTService.swift */,
				6372CCAC2993F75A009A884B /* NewsService.swift */,
			);
			path = Services;
			sourceTree = "<group>";
		};
		6372CCA629934321009A884B /* Model */ = {
			isa = PBXGroup;
			children = (
				63163DDF29968E55004957D9 /* NewsModel.swift */,
				63163DE12996DAA1004957D9 /* News.swift */,
				63163DF329983E25004957D9 /* ImageCache.swift */,
			);
			path = Model;
			sourceTree = "<group>";
		};
		6372CCA72993446F009A884B /* System */ = {
			isa = PBXGroup;
			children = (
				63163DF6299855EE004957D9 /* LaunchScreenStateManager.swift */,
				63163DF829985604004957D9 /* LaunchScreenStep.swift */,
			);
			path = System;
			sourceTree = "<group>";
		};
/* End PBXGroup section */

/* Begin PBXNativeTarget section */
		6372CC7129933C41009A884B /* TheNeuralNetwork */ = {
			isa = PBXNativeTarget;
			buildConfigurationList = 6372CC9629933C42009A884B /* Build configuration list for PBXNativeTarget "TheNeuralNetwork" */;
			buildPhases = (
				6372CC6E29933C41009A884B /* Sources */,
				6372CC6F29933C41009A884B /* Frameworks */,
				6372CC7029933C41009A884B /* Resources */,
			);
			buildRules = (
			);
			dependencies = (
			);
			name = TheNeuralNetwork;
			productName = "The Neural Network";
			productReference = 6372CC7229933C41009A884B /* TheNeuralNetwork.app */;
			productType = "com.apple.product-type.application";
		};
		6372CC8129933C42009A884B /* TheNeuralNetworkTests */ = {
			isa = PBXNativeTarget;
			buildConfigurationList = 6372CC9929933C42009A884B /* Build configuration list for PBXNativeTarget "TheNeuralNetworkTests" */;
			buildPhases = (
				6372CC7E29933C42009A884B /* Sources */,
				6372CC7F29933C42009A884B /* Frameworks */,
				6372CC8029933C42009A884B /* Resources */,
			);
			buildRules = (
			);
			dependencies = (
				6372CC8429933C42009A884B /* PBXTargetDependency */,
			);
			name = TheNeuralNetworkTests;
			productName = "The Neural NetworkTests";
			productReference = 6372CC8229933C42009A884B /* TheNeuralNetworkTests.xctest */;
			productType = "com.apple.product-type.bundle.unit-test";
		};
		6372CC8B29933C42009A884B /* TheNeuralNetworkUITests */ = {
			isa = PBXNativeTarget;
			buildConfigurationList = 6372CC9C29933C42009A884B /* Build configuration list for PBXNativeTarget "TheNeuralNetworkUITests" */;
			buildPhases = (
				6372CC8829933C42009A884B /* Sources */,
				6372CC8929933C42009A884B /* Frameworks */,
				6372CC8A29933C42009A884B /* Resources */,
			);
			buildRules = (
			);
			dependencies = (
				6372CC8E29933C42009A884B /* PBXTargetDependency */,
			);
			name = TheNeuralNetworkUITests;
			productName = "The Neural NetworkUITests";
			productReference = 6372CC8C29933C42009A884B /* TheNeuralNetworkUITests.xctest */;
			productType = "com.apple.product-type.bundle.ui-testing";
		};
/* End PBXNativeTarget section */

/* Begin PBXProject section */
		6372CC6A29933C41009A884B /* Project object */ = {
			isa = PBXProject;
			attributes = {
				BuildIndependentTargetsInParallel = 1;
				LastSwiftUpdateCheck = 1420;
				LastUpgradeCheck = 1420;
				TargetAttributes = {
					6372CC7129933C41009A884B = {
						CreatedOnToolsVersion = 14.2;
					};
					6372CC8129933C42009A884B = {
						CreatedOnToolsVersion = 14.2;
						TestTargetID = 6372CC7129933C41009A884B;
					};
					6372CC8B29933C42009A884B = {
						CreatedOnToolsVersion = 14.2;
						TestTargetID = 6372CC7129933C41009A884B;
					};
				};
			};
			buildConfigurationList = 6372CC6D29933C41009A884B /* Build configuration list for PBXProject "TheNeuralNetwork" */;
			compatibilityVersion = "Xcode 14.0";
			developmentRegion = en;
			hasScannedForEncodings = 0;
			knownRegions = (
				en,
				Base,
			);
			mainGroup = 6372CC6929933C41009A884B;
			productRefGroup = 6372CC7329933C41009A884B /* Products */;
			projectDirPath = "";
			projectRoot = "";
			targets = (
				6372CC7129933C41009A884B /* TheNeuralNetwork */,
				6372CC8129933C42009A884B /* TheNeuralNetworkTests */,
				6372CC8B29933C42009A884B /* TheNeuralNetworkUITests */,
			);
		};
/* End PBXProject section */

/* Begin PBXResourcesBuildPhase section */
		6372CC7029933C41009A884B /* Resources */ = {
			isa = PBXResourcesBuildPhase;
			buildActionMask = 2147483647;
			files = (
				6372CCAB29934F8C009A884B /* Property List.plist in Resources */,
				6372CC7D29933C42009A884B /* Preview Assets.xcassets in Resources */,
				6372CC7A29933C42009A884B /* Assets.xcassets in Resources */,
			);
			runOnlyForDeploymentPostprocessing = 0;
		};
		6372CC8029933C42009A884B /* Resources */ = {
			isa = PBXResourcesBuildPhase;
			buildActionMask = 2147483647;
			files = (
			);
			runOnlyForDeploymentPostprocessing = 0;
		};
		6372CC8A29933C42009A884B /* Resources */ = {
			isa = PBXResourcesBuildPhase;
			buildActionMask = 2147483647;
			files = (
			);
			runOnlyForDeploymentPostprocessing = 0;
		};
/* End PBXResourcesBuildPhase section */

/* Begin PBXSourcesBuildPhase section */
		6372CC6E29933C41009A884B /* Sources */ = {
			isa = PBXSourcesBuildPhase;
			buildActionMask = 2147483647;
			files = (
				63163DE22996DAA1004957D9 /* News.swift in Sources */,
				63163DF229983C33004957D9 /* CachedAsyncImage.swift in Sources */,
				63163DF7299855EE004957D9 /* LaunchScreenStateManager.swift in Sources */,
				63163DE629970346004957D9 /* NewsView.swift in Sources */,
				63163DFB29985682004957D9 /* LaunchScreenView.swift in Sources */,
				63163DE029968E55004957D9 /* NewsModel.swift in Sources */,
				6372CCA52993422A009A884B /* GPTService.swift in Sources */,
				63163DE429970279004957D9 /* MainView.swift in Sources */,
				6372CC7829933C41009A884B /* ContentView.swift in Sources */,
				63163DF929985604004957D9 /* LaunchScreenStep.swift in Sources */,
				6372CC7629933C41009A884B /* TheNeuralNetworkApp.swift in Sources */,
				63163DE8299704B1004957D9 /* NewsRow.swift in Sources */,
				6372CCAD2993F75A009A884B /* NewsService.swift in Sources */,
				63163DEA29975198004957D9 /* SlideOverCard.swift in Sources */,
				63163DF02997F295004957D9 /* NewsDetailView.swift in Sources */,
				63163DF429983E25004957D9 /* ImageCache.swift in Sources */,
				63163DEE2997EE07004957D9 /* WebView.swift in Sources */,
			);
			runOnlyForDeploymentPostprocessing = 0;
		};
		6372CC7E29933C42009A884B /* Sources */ = {
			isa = PBXSourcesBuildPhase;
			buildActionMask = 2147483647;
			files = (
				6372CC8729933C42009A884B /* TheNeuralNetworkTests.swift in Sources */,
			);
			runOnlyForDeploymentPostprocessing = 0;
		};
		6372CC8829933C42009A884B /* Sources */ = {
			isa = PBXSourcesBuildPhase;
			buildActionMask = 2147483647;
			files = (
				6372CC9329933C42009A884B /* TheNeuralNetworkUITestsLaunchTests.swift in Sources */,
				6372CC9129933C42009A884B /* TheNeuralNetworkUITests.swift in Sources */,
			);
			runOnlyForDeploymentPostprocessing = 0;
		};
/* End PBXSourcesBuildPhase section */

/* Begin PBXTargetDependency section */
		6372CC8429933C42009A884B /* PBXTargetDependency */ = {
			isa = PBXTargetDependency;
			target = 6372CC7129933C41009A884B /* TheNeuralNetwork */;
			targetProxy = 6372CC8329933C42009A884B /* PBXContainerItemProxy */;
		};
		6372CC8E29933C42009A884B /* PBXTargetDependency */ = {
			isa = PBXTargetDependency;
			target = 6372CC7129933C41009A884B /* TheNeuralNetwork */;
			targetProxy = 6372CC8D29933C42009A884B /* PBXContainerItemProxy */;
		};
/* End PBXTargetDependency section */

/* Begin XCBuildConfiguration section */
		6372CC9429933C42009A884B /* Debug */ = {
			isa = XCBuildConfiguration;
			buildSettings = {
				ALWAYS_SEARCH_USER_PATHS = NO;
				CLANG_ANALYZER_NONNULL = YES;
				CLANG_ANALYZER_NUMBER_OBJECT_CONVERSION = YES_AGGRESSIVE;
				CLANG_CXX_LANGUAGE_STANDARD = "gnu++20";
				CLANG_ENABLE_MODULES = YES;
				CLANG_ENABLE_OBJC_ARC = YES;
				CLANG_ENABLE_OBJC_WEAK = YES;
				CLANG_WARN_BLOCK_CAPTURE_AUTORELEASING = YES;
				CLANG_WARN_BOOL_CONVERSION = YES;
				CLANG_WARN_COMMA = YES;
				CLANG_WARN_CONSTANT_CONVERSION = YES;
				CLANG_WARN_DEPRECATED_OBJC_IMPLEMENTATIONS = YES;
				CLANG_WARN_DIRECT_OBJC_ISA_USAGE = YES_ERROR;
				CLANG_WARN_DOCUMENTATION_COMMENTS = YES;
				CLANG_WARN_EMPTY_BODY = YES;
				CLANG_WARN_ENUM_CONVERSION = YES;
				CLANG_WARN_INFINITE_RECURSION = YES;
				CLANG_WARN_INT_CONVERSION = YES;
				CLANG_WARN_NON_LITERAL_NULL_CONVERSION = YES;
				CLANG_WARN_OBJC_IMPLICIT_RETAIN_SELF = YES;
				CLANG_WARN_OBJC_LITERAL_CONVERSION = YES;
				CLANG_WARN_OBJC_ROOT_CLASS = YES_ERROR;
				CLANG_WARN_QUOTED_INCLUDE_IN_FRAMEWORK_HEADER = YES;
				CLANG_WARN_RANGE_LOOP_ANALYSIS = YES;
				CLANG_WARN_STRICT_PROTOTYPES = YES;
				CLANG_WARN_SUSPICIOUS_MOVE = YES;
				CLANG_WARN_UNGUARDED_AVAILABILITY = YES_AGGRESSIVE;
				CLANG_WARN_UNREACHABLE_CODE = YES;
				CLANG_WARN__DUPLICATE_METHOD_MATCH = YES;
				COPY_PHASE_STRIP = NO;
				DEBUG_INFORMATION_FORMAT = dwarf;
				ENABLE_STRICT_OBJC_MSGSEND = YES;
				ENABLE_TESTABILITY = YES;
				GCC_C_LANGUAGE_STANDARD = gnu11;
				GCC_DYNAMIC_NO_PIC = NO;
				GCC_NO_COMMON_BLOCKS = YES;
				GCC_OPTIMIZATION_LEVEL = 0;
				GCC_PREPROCESSOR_DEFINITIONS = (
					"DEBUG=1",
					"$(inherited)",
				);
				GCC_WARN_64_TO_32_BIT_CONVERSION = YES;
				GCC_WARN_ABOUT_RETURN_TYPE = YES_ERROR;
				GCC_WARN_UNDECLARED_SELECTOR = YES;
				GCC_WARN_UNINITIALIZED_AUTOS = YES_AGGRESSIVE;
				GCC_WARN_UNUSED_FUNCTION = YES;
				GCC_WARN_UNUSED_VARIABLE = YES;
				IPHONEOS_DEPLOYMENT_TARGET = 15.0;
				MTL_ENABLE_DEBUG_INFO = INCLUDE_SOURCE;
				MTL_FAST_MATH = YES;
				ONLY_ACTIVE_ARCH = YES;
				SDKROOT = iphoneos;
				SWIFT_ACTIVE_COMPILATION_CONDITIONS = DEBUG;
				SWIFT_OPTIMIZATION_LEVEL = "-Onone";
			};
			name = Debug;
		};
		6372CC9529933C42009A884B /* Release */ = {
			isa = XCBuildConfiguration;
			buildSettings = {
				ALWAYS_SEARCH_USER_PATHS = NO;
				CLANG_ANALYZER_NONNULL = YES;
				CLANG_ANALYZER_NUMBER_OBJECT_CONVERSION = YES_AGGRESSIVE;
				CLANG_CXX_LANGUAGE_STANDARD = "gnu++20";
				CLANG_ENABLE_MODULES = YES;
				CLANG_ENABLE_OBJC_ARC = YES;
				CLANG_ENABLE_OBJC_WEAK = YES;
				CLANG_WARN_BLOCK_CAPTURE_AUTORELEASING = YES;
				CLANG_WARN_BOOL_CONVERSION = YES;
				CLANG_WARN_COMMA = YES;
				CLANG_WARN_CONSTANT_CONVERSION = YES;
				CLANG_WARN_DEPRECATED_OBJC_IMPLEMENTATIONS = YES;
				CLANG_WARN_DIRECT_OBJC_ISA_USAGE = YES_ERROR;
				CLANG_WARN_DOCUMENTATION_COMMENTS = YES;
				CLANG_WARN_EMPTY_BODY = YES;
				CLANG_WARN_ENUM_CONVERSION = YES;
				CLANG_WARN_INFINITE_RECURSION = YES;
				CLANG_WARN_INT_CONVERSION = YES;
				CLANG_WARN_NON_LITERAL_NULL_CONVERSION = YES;
				CLANG_WARN_OBJC_IMPLICIT_RETAIN_SELF = YES;
				CLANG_WARN_OBJC_LITERAL_CONVERSION = YES;
				CLANG_WARN_OBJC_ROOT_CLASS = YES_ERROR;
				CLANG_WARN_QUOTED_INCLUDE_IN_FRAMEWORK_HEADER = YES;
				CLANG_WARN_RANGE_LOOP_ANALYSIS = YES;
				CLANG_WARN_STRICT_PROTOTYPES = YES;
				CLANG_WARN_SUSPICIOUS_MOVE = YES;
				CLANG_WARN_UNGUARDED_AVAILABILITY = YES_AGGRESSIVE;
				CLANG_WARN_UNREACHABLE_CODE = YES;
				CLANG_WARN__DUPLICATE_METHOD_MATCH = YES;
				COPY_PHASE_STRIP = NO;
				DEBUG_INFORMATION_FORMAT = "dwarf-with-dsym";
				ENABLE_NS_ASSERTIONS = NO;
				ENABLE_STRICT_OBJC_MSGSEND = YES;
				GCC_C_LANGUAGE_STANDARD = gnu11;
				GCC_NO_COMMON_BLOCKS = YES;
				GCC_WARN_64_TO_32_BIT_CONVERSION = YES;
				GCC_WARN_ABOUT_RETURN_TYPE = YES_ERROR;
				GCC_WARN_UNDECLARED_SELECTOR = YES;
				GCC_WARN_UNINITIALIZED_AUTOS = YES_AGGRESSIVE;
				GCC_WARN_UNUSED_FUNCTION = YES;
				GCC_WARN_UNUSED_VARIABLE = YES;
				IPHONEOS_DEPLOYMENT_TARGET = 15.0;
				MTL_ENABLE_DEBUG_INFO = NO;
				MTL_FAST_MATH = YES;
				SDKROOT = iphoneos;
				SWIFT_COMPILATION_MODE = wholemodule;
				SWIFT_OPTIMIZATION_LEVEL = "-O";
				VALIDATE_PRODUCT = YES;
			};
			name = Release;
		};
		6372CC9729933C42009A884B /* Debug */ = {
			isa = XCBuildConfiguration;
			buildSettings = {
				ASSETCATALOG_COMPILER_APPICON_NAME = AppIcon;
				ASSETCATALOG_COMPILER_GLOBAL_ACCENT_COLOR_NAME = AccentColor;
				CODE_SIGN_STYLE = Automatic;
				CURRENT_PROJECT_VERSION = 1;
				DEVELOPMENT_ASSET_PATHS = "\"TheNeuralNetwork/Preview Content\"";
				DEVELOPMENT_TEAM = TQ27LL9PXC;
				ENABLE_PREVIEWS = YES;
				GENERATE_INFOPLIST_FILE = YES;
				INFOPLIST_FILE = TheNeuralNetwork/Info.plist;
				INFOPLIST_KEY_CFBundleDisplayName = "The Neural Network";
				INFOPLIST_KEY_LSApplicationCategoryType = "public.app-category.news";
				INFOPLIST_KEY_UIApplicationSceneManifest_Generation = YES;
				INFOPLIST_KEY_UIApplicationSupportsIndirectInputEvents = YES;
				INFOPLIST_KEY_UIRequiresFullScreen = YES;
				INFOPLIST_KEY_UISupportedInterfaceOrientations = UIInterfaceOrientationPortrait;
				IPHONEOS_DEPLOYMENT_TARGET = 16.0;
				LD_RUNPATH_SEARCH_PATHS = (
					"$(inherited)",
					"@executable_path/Frameworks",
				);
				MARKETING_VERSION = 1.0;
				PRODUCT_BUNDLE_IDENTIFIER = "ca.softtrak.The-Neural-Network";
				PRODUCT_NAME = "$(TARGET_NAME)";
				SWIFT_EMIT_LOC_STRINGS = YES;
				SWIFT_VERSION = 5.0;
				TARGETED_DEVICE_FAMILY = "1,2";
			};
			name = Debug;
		};
		6372CC9829933C42009A884B /* Release */ = {
			isa = XCBuildConfiguration;
			buildSettings = {
				ASSETCATALOG_COMPILER_APPICON_NAME = AppIcon;
				ASSETCATALOG_COMPILER_GLOBAL_ACCENT_COLOR_NAME = AccentColor;
				CODE_SIGN_STYLE = Automatic;
				CURRENT_PROJECT_VERSION = 1;
				DEVELOPMENT_ASSET_PATHS = "\"TheNeuralNetwork/Preview Content\"";
				DEVELOPMENT_TEAM = TQ27LL9PXC;
				ENABLE_PREVIEWS = YES;
				GENERATE_INFOPLIST_FILE = YES;
				INFOPLIST_FILE = TheNeuralNetwork/Info.plist;
				INFOPLIST_KEY_CFBundleDisplayName = "The Neural Network";
				INFOPLIST_KEY_LSApplicationCategoryType = "public.app-category.news";
				INFOPLIST_KEY_UIApplicationSceneManifest_Generation = YES;
				INFOPLIST_KEY_UIApplicationSupportsIndirectInputEvents = YES;
				INFOPLIST_KEY_UIRequiresFullScreen = YES;
				INFOPLIST_KEY_UISupportedInterfaceOrientations = UIInterfaceOrientationPortrait;
				IPHONEOS_DEPLOYMENT_TARGET = 16.0;
				LD_RUNPATH_SEARCH_PATHS = (
					"$(inherited)",
					"@executable_path/Frameworks",
				);
				MARKETING_VERSION = 1.0;
				PRODUCT_BUNDLE_IDENTIFIER = "ca.softtrak.The-Neural-Network";
				PRODUCT_NAME = "$(TARGET_NAME)";
				SWIFT_EMIT_LOC_STRINGS = YES;
				SWIFT_VERSION = 5.0;
				TARGETED_DEVICE_FAMILY = "1,2";
			};
			name = Release;
		};
		6372CC9A29933C42009A884B /* Debug */ = {
			isa = XCBuildConfiguration;
			buildSettings = {
				ALWAYS_EMBED_SWIFT_STANDARD_LIBRARIES = YES;
				BUNDLE_LOADER = "$(TEST_HOST)";
				CODE_SIGN_STYLE = Automatic;
				CURRENT_PROJECT_VERSION = 1;
				DEVELOPMENT_TEAM = TQ27LL9PXC;
				GENERATE_INFOPLIST_FILE = YES;
				IPHONEOS_DEPLOYMENT_TARGET = 16.2;
				MARKETING_VERSION = 1.0;
				PRODUCT_BUNDLE_IDENTIFIER = "ca.softtrak.The-Neural-NetworkTests";
				PRODUCT_NAME = "$(TARGET_NAME)";
				SWIFT_EMIT_LOC_STRINGS = NO;
				SWIFT_VERSION = 5.0;
				TARGETED_DEVICE_FAMILY = "1,2";
				TEST_HOST = "$(BUILT_PRODUCTS_DIR)/TheNeuralNetwork.app/$(BUNDLE_EXECUTABLE_FOLDER_PATH)/TheNeuralNetwork";
			};
			name = Debug;
		};
		6372CC9B29933C42009A884B /* Release */ = {
			isa = XCBuildConfiguration;
			buildSettings = {
				ALWAYS_EMBED_SWIFT_STANDARD_LIBRARIES = YES;
				BUNDLE_LOADER = "$(TEST_HOST)";
				CODE_SIGN_STYLE = Automatic;
				CURRENT_PROJECT_VERSION = 1;
				DEVELOPMENT_TEAM = TQ27LL9PXC;
				GENERATE_INFOPLIST_FILE = YES;
				IPHONEOS_DEPLOYMENT_TARGET = 16.2;
				MARKETING_VERSION = 1.0;
				PRODUCT_BUNDLE_IDENTIFIER = "ca.softtrak.The-Neural-NetworkTests";
				PRODUCT_NAME = "$(TARGET_NAME)";
				SWIFT_EMIT_LOC_STRINGS = NO;
				SWIFT_VERSION = 5.0;
				TARGETED_DEVICE_FAMILY = "1,2";
				TEST_HOST = "$(BUILT_PRODUCTS_DIR)/TheNeuralNetwork.app/$(BUNDLE_EXECUTABLE_FOLDER_PATH)/TheNeuralNetwork";
			};
			name = Release;
		};
		6372CC9D29933C42009A884B /* Debug */ = {
			isa = XCBuildConfiguration;
			buildSettings = {
				ALWAYS_EMBED_SWIFT_STANDARD_LIBRARIES = YES;
				CODE_SIGN_STYLE = Automatic;
				CURRENT_PROJECT_VERSION = 1;
				DEVELOPMENT_TEAM = TQ27LL9PXC;
				GENERATE_INFOPLIST_FILE = YES;
				MARKETING_VERSION = 1.0;
				PRODUCT_BUNDLE_IDENTIFIER = "ca.softtrak.The-Neural-NetworkUITests";
				PRODUCT_NAME = "$(TARGET_NAME)";
				SWIFT_EMIT_LOC_STRINGS = NO;
				SWIFT_VERSION = 5.0;
				TARGETED_DEVICE_FAMILY = "1,2";
				TEST_TARGET_NAME = "The Neural Network";
			};
			name = Debug;
		};
		6372CC9E29933C42009A884B /* Release */ = {
			isa = XCBuildConfiguration;
			buildSettings = {
				ALWAYS_EMBED_SWIFT_STANDARD_LIBRARIES = YES;
				CODE_SIGN_STYLE = Automatic;
				CURRENT_PROJECT_VERSION = 1;
				DEVELOPMENT_TEAM = TQ27LL9PXC;
				GENERATE_INFOPLIST_FILE = YES;
				MARKETING_VERSION = 1.0;
				PRODUCT_BUNDLE_IDENTIFIER = "ca.softtrak.The-Neural-NetworkUITests";
				PRODUCT_NAME = "$(TARGET_NAME)";
				SWIFT_EMIT_LOC_STRINGS = NO;
				SWIFT_VERSION = 5.0;
				TARGETED_DEVICE_FAMILY = "1,2";
				TEST_TARGET_NAME = "The Neural Network";
			};
			name = Release;
		};
/* End XCBuildConfiguration section */

/* Begin XCConfigurationList section */
		6372CC6D29933C41009A884B /* Build configuration list for PBXProject "TheNeuralNetwork" */ = {
			isa = XCConfigurationList;
			buildConfigurations = (
				6372CC9429933C42009A884B /* Debug */,
				6372CC9529933C42009A884B /* Release */,
			);
			defaultConfigurationIsVisible = 0;
			defaultConfigurationName = Release;
		};
		6372CC9629933C42009A884B /* Build configuration list for PBXNativeTarget "TheNeuralNetwork" */ = {
			isa = XCConfigurationList;
			buildConfigurations = (
				6372CC9729933C42009A884B /* Debug */,
				6372CC9829933C42009A884B /* Release */,
			);
			defaultConfigurationIsVisible = 0;
			defaultConfigurationName = Release;
		};
		6372CC9929933C42009A884B /* Build configuration list for PBXNativeTarget "TheNeuralNetworkTests" */ = {
			isa = XCConfigurationList;
			buildConfigurations = (
				6372CC9A29933C42009A884B /* Debug */,
				6372CC9B29933C42009A884B /* Release */,
			);
			defaultConfigurationIsVisible = 0;
			defaultConfigurationName = Release;
		};
		6372CC9C29933C42009A884B /* Build configuration list for PBXNativeTarget "TheNeuralNetworkUITests" */ = {
			isa = XCConfigurationList;
			buildConfigurations = (
				6372CC9D29933C42009A884B /* Debug */,
				6372CC9E29933C42009A884B /* Release */,
			);
			defaultConfigurationIsVisible = 0;
			defaultConfigurationName = Release;
		};
/* End XCConfigurationList section */
	};
	rootObject = 6372CC6A29933C41009A884B /* Project object */;
}
